charm.land/bubbles/v2 v2.2.1 h1:Fq1+qm5hV6GkvzLQDhCBpXXE5tLgvh1PRriCLwSvIQU=
charm.land/bubbles/v2 v2.2.1/go.mod h1:wdMgn+sje1KNXdwFizIWjbf328fIUBxqEmJ/vYPo8yc=
charm.land/bubbletea/v2 v2.0.10 h1:oolvo20VBpI0PfqE7iFjkZ1bx0WpmXGfnKz5Yldjq5o=
charm.land/bubbletea/v2 v2.0.10/go.mod h1:QOatcnhOjYIfxzUSTz6raF7Ex4R/rIuHa3SnBdCCpMc=
charm.land/huh/v2 v2.0.3 h1:2cJsMqEPwSywGHvdlKsJyQKPtSJLVnFKyFbsYZTlLkU=
charm.land/huh/v2 v2.0.3/go.mod h1:93eEveeeqn47MwiC3tf+2atZ2l7Is88rAtmZNZ8x9Wc=
charm.land/lipgloss/v2 v2.0.6 h1:EaGKeuA8FvF+v2BT5VmZd2LoYLaMZJXA5n34th8nCIQ=
charm.land/lipgloss/v2 v2.0.6/go.mod h1:ipDDJNSGa1hlwDtSfW1s2/xR8Vdhbut4PXh2zEKZd0Q=
charm.land/log/v2 v2.0.1 h1:uMk+t1hM/fomIqt7vn/Ub0AKo7IHvnDu6NK17nbOVx0=
charm.land/log/v2 v2.0.1/go.mod h1:VXZNB8zoPPEIcvd7bRi2fpQpGCWweCSfWOwczA9dibs=
charm.land/ssh v0.4.3 h1:hr5cYmlUYsP+KxyG/ug7ZMzKKN9f6VOD9yPpcGqdzzM=
charm.land/ssh v0.4.3/go.mod h1:so/3IECPNlYZSnE7JKn7NFmcUyyxJqIAeM4TJy35qPk=
charm.land/wish/v2 v2.0.5 h1:9JSBsbHWxspL5vqc9qJOnIa8T0QRz3un0n3sF/+Vo10=
charm.land/wish/v2 v2.0.5/go.mod h1:o9NmLxh1EnQk1ZBalvXlonBMmXo9iZ+SH08NVjiRmLw=
github.com/MakeNowJust/heredoc v1.0.0 h1:cXCdzVdstXyiTqTvfqk9SDHpKNjxuom+DOlyEeQ4pzQ=
github.com/MakeNowJust/heredoc v1.0.0/go.mod h1:mG5amYoWBHf8vpLOuehzbGGw0EHxpZZ6lCpQ4fNJ8LE=
github.com/anmitsu/go-shlex v0.0.0-20200514113438-38f4b401e2be h1:9AeTilPcZAjCFIImctFaOjnTIavg87rW78vTPkQqLI8=
github.com/anmitsu/go-shlex v0.0.0-20200514113438-38f4b401e2be/go.mod h1:ySMOLuWl6zY27l47sB3qLNK6tF2fkHG55UZxx8oIVo4=
github.com/atotto/clipboard v0.1.4 h1:EH0zSVneZPSuFR11BlR9YppQTVDbh5+16AmcJi4g1z4=
github.com/atotto/clipboard v0.1.4/go.mod h1:ZY9tmq7sm5xIbd9bOK4onWV4S6X0u6GY7Vn0Yu86PYI=
github.com/aymanbagabas/go-udiff v0.4.1 h1:OEIrQ8maEeDBXQDoGCbbTTXYJMYRCRO1fnodZ12Gv5o=
github.com/aymanbagabas/go-udiff v0.4.1/go.mod h1:0L9PGwj20lrtmEMeyw4WKJ/TMyDtvAoK9bf2u/mNo3w=
github.com/catppuccin/go v0.2.0 h1:ktBeIrIP42b/8FGiScP9sgrWOss3lw0Z5SktRoithGA=
github.com/catppuccin/go v0.2.0/go.mod h1:8IHJuMGaUUjQM82qBrGNBv7LFq6JI3NnQCF6MOlZjpc=
github.com/charmbracelet/colorprofile v0.4.3 h1:QPa1IWkYI+AOB+fE+mg/5/4HRMZcaXex9t5KX76i20Q=
github.com/charmbracelet/colorprofile v0.4.3/go.mod h1:/zT4BhpD5aGFpqQQqw7a+VtHCzu+zrQtt1zhMt9mR4Q=
github.com/charmbracelet/keygen v0.5.4 h1:XQYgf6UEaTGgQSSmiPpIQ78WfseNQp4Pz8N/c1OsrdA=
github.com/charmbracelet/keygen v0.5.4/go.mod h1:t4oBRr41bvK7FaJsAaAQhhkUuHslzFXVjOBwA55CZNM=
github.com/charmbracelet/ultraviolet v0.0.0-20260906173415-0277a179edd9 h1:tYBWVoMfQHTwp88mWeWH7o0uJFZqRJeEGJmeHpIR8Ms=
github.com/charmbracelet/ultraviolet v0.0.0-20260906173415-0277a179edd9/go.mod h1:nAw0d9PhFp1qdzi2xhQU5YOu5sVpDIHWlaW2Uz/bCro=
github.com/charmbracelet/x/ansi v0.11.8 h1:JMFwp0CgDC2+jcOB162HH5k7I3FVbgFSMMYg7dSPBQQ=
github.com/charmbracelet/x/ansi v0.11.8/go.mod h1:ZNN+3mXny/516oTQPLMPIBeSINvNJJQ8uQXDgbeJxY0=
github.com/charmbracelet/x/conpty v0.2.0 h1:eKtA2hm34qNfgJCDp/M6Dc0gLy7e07YEK4qAdNGOvVY=
github.com/charmbracelet/x/conpty v0.2.0/go.mod h1:fexgUnVrZgw8scD49f6VSi0Ggj9GWYIrpedRthAwW/8=
github.com/charmbracelet/x/exp/golden v0.0.0-20250806222409-83e3a29d542f h1:pk6gmGpCE7F3FcjaOEKYriCvpmIN4+6OS/RD0vm4uIA=
github.com/charmbracelet/x/exp/golden v0.0.0-20250806222409-83e3a29d542f/go.mod h1:IfZAMTHB6XkZSeXUqriemErjAWCCzT0LwjKFYCZyw0I=
github.com/charmbracelet/x/exp/ordered v0.1.0 h1:55/qLwjIh0gL0Vni+QAWk7T/qRVP6sBf+2agPBgnOFE=
github.com/charmbracelet/x/exp/ordered v0.1.0/go.mod h1:5UHwmG+is5THxMyCJHNPCn2/ecI07aKNrW+LcResjJ8=
github.com/charmbracelet/x/exp/strings v0.0.0-20240722160745-212f7b056ed0 h1:qko3AQ4gK1MTS/de7F5hPGx6/k1u0w4TeYmBFwzYVP4=
github.com/charmbracelet/x/exp/strings v0.0.0-20240722160745-212f7b056ed0/go.mod h1:pBhA0ybfXv6hDjQUZ7hk1lVxBiUbupdw5R31yPUViVQ=
github.com/charmbracelet/x/term v0.2.2 h1:xVRT/S2ZcKdhhOuSP4t5cLi5o+JxklsoEObBSgfgZRk=
github.com/charmbracelet/x/term v0.2.2/go.mod h1:kF8CY5RddLWrsgVwpw4kAa6TESp6EB5y3uxGLeCqzAI=
github.com/charmbracelet/x/termios v0.1.1 h1:o3Q2bT8eqzGnGPOYheoYS8eEleT5ZVNYNy8JawjaNZY=
github.com/charmbracelet/x/termios v0.1.1/go.mod h1:rB7fnv1TgOPOyyKRJ9o+AsTU/vK5WHJ2ivHeut/Pcwo=
github.com/charmbracelet/x/windows v0.2.2 h1:IofanmuvaxnKHuV04sC0eBy/smG6kIKrWG2/jYn2GuM=
github.com/charmbracelet/x/windows v0.2.2/go.mod h1:/8XtdKZzedat74NQFn0NGlGL4soHB0YQZrETF96h75k=
github.com/charmbracelet/x/xpty v0.1.4 h1:4jaW7u+8AHQMxesiVc+zUMsspu7GyDwtJO+gy/tFtW4=
github.com/charmbracelet/x/xpty v0.1.4/go.mod h1:7t8P7BpPiolHJ1pLzz7/4ujDbD+sUxI9yA3CBOLOIcU=
github.com/clipperhouse/displaywidth v0.11.0 h1:lBc6kY44VFw+TDx4I8opi/EtL9m20WSEFgwIwO+UVM8=
github.com/clipperhouse/displaywidth v0.11.0/go.mod h1:bkrFNkf81G8HyVqmKGxsPufD3JhNl3dSqnGhOoSD/o0=
github.com/clipperhouse/uax29/v2 v2.7.0 h1:+gs4oBZ2gPfVrKPthwbMzWZDaAFPGYK72F0NJv2v7Vk=
github.com/clipperhouse/uax29/v2 v2.7.0/go.mod h1:EFJ2TJMRUaplDxHKj1qAEhCtQPW2tJSwu5BF98AuoVM=
github.com/creack/pty v1.1.24 h1:bJrF4RRfyJnbTJqzRLHzcGaZK1NeM5kTC9jGgovnR1s=
github.com/creack/pty v1.1.24/go.mod h1:08sCNb52WyoAwi2QDyzUCTgcvVFhUzewun7wtTfvcwE=
github.com/davecgh/go-spew v1.1.1 h1:vj9j/u1bqnvCEfJOwUhtlOARqs3+rkHYY13jYWTU97c=
github.com/davecgh/go-spew v1.1.1/go.mod h1:J7Y8YcW2NihsgmVo/mv3lAwl/skON4iLHjSsI+c5H38=
github.com/dustin/go-humanize v1.0.1 h1:GzkhY7T5VNhEkwH0PVJgjz+fX1rhBrR7pRT3mDkpeCY=
github.com/dustin/go-humanize v1.0.1/go.mod h1:Mu1zIs6XwVuF/gI1OepvI0qD18qycQx+mFykh5fBlto=
github.com/go-logfmt/logfmt v0.6.1 h1:4hvbpePJKnIzH1B+8OR/JPbTx37NktoI9LE2QZBBkvE=
github.com/go-logfmt/logfmt v0.6.1/go.mod h1:EV2pOAQoZaT1ZXZbqDl5hrymndi4SY9ED9/z6CO0XAk=
github.com/google/go-cmp v0.7.0 h1:wk8382ETsv4JYUZwIsn6YpYiWiBsYLSJiTsyBybVuN8=
github.com/google/go-cmp v0.7.0/go.mod h1:pXiqmnSA92OHEEa9HXL2W4E7lf9JzCmGVUdgjX3N/iU=
github.com/kylelemons/godebug v1.1.0 h1:RPNrshWIDI6G2gRW9EHilWtl7Z6Sb1BR0xunSBf0SNc=
github.com/kylelemons/godebug v1.1.0/go.mod h1:9/0rRGxNHcop5bhtWyNeEfOS8JIWk580+fNqagV/RAw=
github.com/lucasb-eyer/go-colorful v1.4.1 h1:1EO+WB73+EH8EVbzlrG3KLAfEypQWVHIBqlTf+2hNss=
github.com/lucasb-eyer/go-colorful v1.4.1/go.mod h1:R4dSotOR9KMtayYi1e77YzuveK+i7ruzyGqttikkLy0=
github.com/mattn/go-runewidth v0.0.30 h1:+KUuiDA4fF0R1p5FeueHefjDm+GIM+kWfFnDjybOPgk=
github.com/mattn/go-runewidth v0.0.30/go.mod h1:3qAiGCV4Koz/yuveO58qUefmUTRm8r0IGEXZ9jeHp/8=
github.com/mitchellh/hashstructure/v2 v2.0.2 h1:vGKWl0YJqUNxE8d+h8f6NJLcCJrgbhC4NcD46KavDd4=
github.com/mitchellh/hashstructure/v2 v2.0.2/go.mod h1:MG3aRVU/N29oo/V/IhBX8GR/zz4kQkprJgF2EVszyDE=
github.com/muesli/cancelreader v0.2.2 h1:3I4Kt4BQjOR54NavqnDogx/MIoWBFa0StPA8ELUXHmA=
github.com/muesli/cancelreader v0.2.2/go.mod h1:3XuTXfFS2VjM+HTLZY9Ak0l6eUKfijIfMUZ4EgX0QYo=
github.com/pires/go-proxyproto v0.15.0 h1:dTshmNbFm/D+0+sbrxUuddPOZ5Y0B7c5NhtsBkm6LqI=
github.com/pires/go-proxyproto v0.15.0/go.mod h1:OXsCrKwrK2tXS9YrI5tkHx5xaQlO8FH3lFW76orFh24=
github.com/pmezard/go-difflib v1.0.0 h1:4DBwDE0NGyQoBHbLQYPwSUPoCMWR5BEzIk/f1lZbAQM=
github.com/pmezard/go-difflib v1.0.0/go.mod h1:iKH77koFhYxTK1pcRnkKkqfTogsbg7gZNVY4sRDYZ/4=
github.com/rivo/uniseg v0.4.7 h1:WUdvkW8uEhrYfLC4ZzdpI2ztxP1I582+49Oc5Mq64VQ=
github.com/rivo/uniseg v0.4.7/go.mod h1:FN3SvrM+Zdj16jyLfmOkMNblXMcoc8DfTHruCPUcx88=
github.com/sahilm/fuzzy v0.1.3 h1:juByESSS32nVD81vr6tHmKmA/8zde7gE+x5CLxrzXPU=
github.com/sahilm/fuzzy v0.1.3/go.mod h1:au6//VbVSqu6DFrkL2CfjlJ5iURpNCPeE+1GwY3XsT8=
github.com/stretchr/testify v1.11.1 h1:7s2iGBzp5EwR7/aIZr8ao5+dra3wiQyKjjFuvgVKu7U=
github.com/stretchr/testify v1.11.1/go.mod h1:wZwfW3scLgRK+23gO65QZefKpKQRnfz6sD981Nm4B6U=
github.com/xo/terminfo v1.2.0 h1:d0ZTOCpuGE0lwSAOs0zcJjwz3jWQyqcRt9XbGJpCOl4=
github.com/xo/terminfo v1.2.0/go.mod h1:lGzkSo8Fe7IRh/w+Gqz7n5mDog4FVXCj3gy/DYTBqio=
golang.org/x/crypto v0.57.0 h1:3ZVCjf8Ggz7zneR/EHRVx68Ctf+2pmIMP2UFhh9cC6M=
golang.org/x/crypto v0.57.0/go.mod h1:Fdz0i5U6CoizGwLda9DttjSk6qlZo25zYNtR+ycvuZA=
golang.org/x/exp v0.0.0-20260908205506-85c1c2202aba h1:Ck8QetSgk912qxWLMCKxd0in+aiyBQyDSMae6e/xmpU=
golang.org/x/exp v0.0.0-20260908205506-85c1c2202aba/go.mod h1:50RgIsmK7OwqzTTeqcSXQW8SswW0o8fRcDxmqGluJ8E=
golang.org/x/net v0.59.0 h1:5zfYln+w5XCxwrnMMJPufRgNoXEaGxl0wo5GqPXyues=
golang.org/x/net v0.59.0/go.mod h1:2DA/G1UfVbCpQPeWTmMPGY7Cs2PkBkwu743bVX5PIVg=
golang.org/x/sync v0.23.0 h1:KameEIfc1IkluZyXWLn39Wd4tURc6GbCiISGiZm2bQk=
golang.org/x/sync v0.23.0/go.mod h1:sUUOizhqBxiL6pEWpqNLUiaJn1ShEbZ6BBqskPbjZm0=
golang.org/x/sys v0.48.0 h1:bbX/i/6MgT9BVLM9RT1thmxL04yeTAhbEz4SyadbXoo=
golang.org/x/sys v0.48.0/go.mod h1:hNLxWAXmnKAxqDtdwIYC4bM9oQPEecfsnNMuSxOs3og=
golang.org/x/term v0.46.0 h1:3+OXuTbaKDgwk8jTi3aSLHRlmWqHEUDUtxnbFigO4YE=
golang.org/x/term v0.46.0/go.mod h1:+K02xbkittuwc0Am4abfA3Fc+XRGXkvBXNO88NCXPoc=
gopkg.in/yaml.v3 v3.0.1 h1:fxVm/GzAzEWqLHuvctI91KS9hhNmmWOoWu0XTYJS7CA=
gopkg.in/yaml.v3 v3.0.1/go.mod h1:K4uyk7z7BCEPqu6E+C64Yfv1cQ7kz7rIZviUmN+EgEM=
